
Microsoft Visual Studio Solution File, Format Version 12.00
# Visual Studio Version 17
VisualStudioVersion = 17.10.35027.167
MinimumVisualStudioVersion = 10.0.40219.1
Project("{54A90642-561A-4BB1-A94E-469ADEE60C69}") = "inkycalc", "InkyCalc\inkycalc.esproj", "{46F07036-E3B1-4E0D-B60E-CC6BA1ED2D49}"
EndProject
Global
	GlobalSection(SolutionConfigurationPlatforms) = preSolution
		Debug|Any CPU = Debug|Any CPU
		Release|Any CPU = Release|Any CPU
	EndGlobalSection
	GlobalSection(ProjectConfigurationPlatforms) = postSolution
		{46F07036-E3B1-4E0D-B60E-CC6BA1ED2D49}.Debug|Any CPU.ActiveCfg = Debug|Any CPU
		{46F07036-E3B1-4E0D-B60E-CC6BA1ED2D49}.Debug|Any CPU.Build.0 = Debug|Any CPU
		{46F07036-E3B1-4E0D-B60E-CC6BA1ED2D49}.Debug|Any CPU.Deploy.0 = Debug|Any CPU
		{46F07036-E3B1-4E0D-B60E-CC6BA1ED2D49}.Release|Any CPU.ActiveCfg = Release|Any CPU
		{46F07036-E3B1-4E0D-B60E-CC6BA1ED2D49}.Release|Any CPU.Build.0 = Release|Any CPU
		{46F07036-E3B1-4E0D-B60E-CC6BA1ED2D49}.Release|Any CPU.Deploy.0 = Release|Any CPU
	EndGlobalSection
	GlobalSection(SolutionProperties) = preSolution
		HideSolutionNode = FALSE
	EndGlobalSection
	GlobalSection(ExtensibilityGlobals) = postSolution
		SolutionGuid = {A7549922-D1BC-4341-AB93-9A8008364F91}
	EndGlobalSection
EndGlobal
